
Microsoft Visual Studio Solution File, Format Version 12.00
# Visual Studio 15
VisualStudioVersion = 15.0.28307.705
MinimumVisualStudioVersion = 10.0.40219.1
Project("{FAE04EC0-301F-11D3-BF4B-00C04F79EFBC}") = "ChatWeb", "ChatWeb\ChatWeb.csproj", "{222CCE11-72B5-4982-B8F0-F3D737E1177C}"
EndProject
Project("{FAE04EC0-301F-11D3-BF4B-00C04F79EFBC}") = "Model", "Model\Model.csproj", "{DC217319-1EA4-4870-BD71-B9D49C782B82}"
EndProject
Project("{FAE04EC0-301F-11D3-BF4B-00C04F79EFBC}") = "BLL", "BLL\BLL.csproj", "{FEFEA0D6-9128-43A9-A3A5-C289B2C094AD}"
EndProject
Project("{FAE04EC0-301F-11D3-BF4B-00C04F79EFBC}") = "Common", "Common\Common.csproj", "{8CAA0CB5-FDEF-4598-BBE7-FA1624AB2016}"
EndProject
Project("{FAE04EC0-301F-11D3-BF4B-00C04F79EFBC}") = "DAL", "DAL\DAL.csproj", "{3655770E-39F6-429A-9747-247DBDFA7395}"
EndProject
Global
	GlobalSection(SolutionConfigurationPlatforms) = preSolution
		Debug|Any CPU = Debug|Any CPU
		Release|Any CPU = Release|Any CPU
	EndGlobalSection
	GlobalSection(ProjectConfigurationPlatforms) = postSolution
		{222CCE11-72B5-4982-B8F0-F3D737E1177C}.Debug|Any CPU.ActiveCfg = Debug|Any CPU
		{222CCE11-72B5-4982-B8F0-F3D737E1177C}.Debug|Any CPU.Build.0 = Debug|Any CPU
		{222CCE11-72B5-4982-B8F0-F3D737E1177C}.Release|Any CPU.ActiveCfg = Release|Any CPU
		{222CCE11-72B5-4982-B8F0-F3D737E1177C}.Release|Any CPU.Build.0 = Release|Any CPU
		{DC217319-1EA4-4870-BD71-B9D49C782B82}.Debug|Any CPU.ActiveCfg = Debug|Any CPU
		{DC217319-1EA4-4870-BD71-B9D49C782B82}.Debug|Any CPU.Build.0 = Debug|Any CPU
		{DC217319-1EA4-4870-BD71-B9D49C782B82}.Release|Any CPU.ActiveCfg = Release|Any CPU
		{DC217319-1EA4-4870-BD71-B9D49C782B82}.Release|Any CPU.Build.0 = Release|Any CPU
		{FEFEA0D6-9128-43A9-A3A5-C289B2C094AD}.Debug|Any CPU.ActiveCfg = Debug|Any CPU
		{FEFEA0D6-9128-43A9-A3A5-C289B2C094AD}.Debug|Any CPU.Build.0 = Debug|Any CPU
		{FEFEA0D6-9128-43A9-A3A5-C289B2C094AD}.Release|Any CPU.ActiveCfg = Release|Any CPU
		{FEFEA0D6-9128-43A9-A3A5-C289B2C094AD}.Release|Any CPU.Build.0 = Release|Any CPU
		{8CAA0CB5-FDEF-4598-BBE7-FA1624AB2016}.Debug|Any CPU.ActiveCfg = Debug|Any CPU
		{8CAA0CB5-FDEF-4598-BBE7-FA1624AB2016}.Debug|Any CPU.Build.0 = Debug|Any CPU
		{8CAA0CB5-FDEF-4598-BBE7-FA1624AB2016}.Release|Any CPU.ActiveCfg = Release|Any CPU
		{8CAA0CB5-FDEF-4598-BBE7-FA1624AB2016}.Release|Any CPU.Build.0 = Release|Any CPU
		{3655770E-39F6-429A-9747-247DBDFA7395}.Debug|Any CPU.ActiveCfg = Debug|Any CPU
		{3655770E-39F6-429A-9747-247DBDFA7395}.Debug|Any CPU.Build.0 = Debug|Any CPU
		{3655770E-39F6-429A-9747-247DBDFA7395}.Release|Any CPU.ActiveCfg = Release|Any CPU
		{3655770E-39F6-429A-9747-247DBDFA7395}.Release|Any CPU.Build.0 = Release|Any CPU
	EndGlobalSection
	GlobalSection(SolutionProperties) = preSolution
		HideSolutionNode = FALSE
	EndGlobalSection
	GlobalSection(ExtensibilityGlobals) = postSolution
		SolutionGuid = {35150195-898D-4F74-BA70-BE28EAADECFC}
	EndGlobalSection
EndGlobal
